Microsoft Visual Studio Solution File, Format Version 11.00
# Visual Studio 2008

Project("{5157F07C-1574-4739-CD79-87BF46FA84BF}") = "SAWZE", "Assembly-CSharp-firstpass-vs.csproj", "{77D37CD7-5D21-6F24-5B79-6CEAB7117EE0}"
EndProject
Project("{5157F07C-1574-4739-CD79-87BF46FA84BF}") = "SAWZE", "Assembly-CSharp-vs.csproj", "{F9EE4940-A579-5B3D-1C4E-712FF831EB16}"
EndProject
Global
	GlobalSection(SolutionConfigurationPlatforms) = preSolution
		Debug|Any CPU = Debug|Any CPU
		Release|Any CPU = Release|Any CPU
	EndGlobalSection
	GlobalSection(ProjectConfigurationPlatforms) = postSolution
		{77D37CD7-5D21-6F24-5B79-6CEAB7117EE0}.Debug|Any CPU.ActiveCfg = Debug|Any CPU
		{77D37CD7-5D21-6F24-5B79-6CEAB7117EE0}.Debug|Any CPU.Build.0 = Debug|Any CPU
		{77D37CD7-5D21-6F24-5B79-6CEAB7117EE0}.Release|Any CPU.ActiveCfg = Release|Any CPU
		{77D37CD7-5D21-6F24-5B79-6CEAB7117EE0}.Release|Any CPU.Build.0 = Release|Any CPU
		{F9EE4940-A579-5B3D-1C4E-712FF831EB16}.Debug|Any CPU.ActiveCfg = Debug|Any CPU
		{F9EE4940-A579-5B3D-1C4E-712FF831EB16}.Debug|Any CPU.Build.0 = Debug|Any CPU
		{F9EE4940-A579-5B3D-1C4E-712FF831EB16}.Release|Any CPU.ActiveCfg = Release|Any CPU
		{F9EE4940-A579-5B3D-1C4E-712FF831EB16}.Release|Any CPU.Build.0 = Release|Any CPU
	EndGlobalSection
	GlobalSection(SolutionProperties) = preSolution
		HideSolutionNode = FALSE
	EndGlobalSection
<<<<<<< HEAD
<<<<<<< HEAD
													GlobalSection(MonoDevelopProperties) = preSolution
=======
																	GlobalSection(MonoDevelopProperties) = preSolution
>>>>>>> origin/master
=======
																		GlobalSection(MonoDevelopProperties) = preSolution
>>>>>>> 77c435d0e45584cb797cf824d13e2208e9ce3ef2
		StartupItem = Assembly-CSharp.csproj
		Policies = $0
		$0.TextStylePolicy = $1
		$1.inheritsSet = null
		$1.scope = text/x-csharp
		$0.CSharpFormattingPolicy = $2
		$2.inheritsSet = Mono
		$2.inheritsScope = text/x-csharp
		$2.scope = text/x-csharp
		$0.TextStylePolicy = $3
		$3.FileWidth = 120
		$3.TabWidth = 4
		$3.EolMarker = Unix
		$3.inheritsSet = Mono
		$3.inheritsScope = text/plain
		$3.scope = text/plain
	EndGlobalSection

EndGlobal
